
Microsoft Visual Studio Solution File, Format Version 12.00
# Visual Studio Version 16
VisualStudioVersion = 16.0.29926.136
MinimumVisualStudioVersion = 10.0.40219.1
Project("{FAE04EC0-301F-11D3-BF4B-00C04F79EFBC}") = "ActivityFinder", "ActivityFinder\ActivityFinder.csproj", "{FD02100B-95CD-4DED-95E1-79A91F873E64}"
EndProject
Global
	GlobalSection(SolutionConfigurationPlatforms) = preSolution
		Debug|Any CPU = Debug|Any CPU
		Release|Any CPU = Release|Any CPU
	EndGlobalSection
	GlobalSection(ProjectConfigurationPlatforms) = postSolution
		{FD02100B-95CD-4DED-95E1-79A91F873E64}.Debug|Any CPU.ActiveCfg = Debug|Any CPU
		{FD02100B-95CD-4DED-95E1-79A91F873E64}.Debug|Any CPU.Build.0 = Debug|Any CPU
		{FD02100B-95CD-4DED-95E1-79A91F873E64}.Release|Any CPU.ActiveCfg = Release|Any CPU
		{FD02100B-95CD-4DED-95E1-79A91F873E64}.Release|Any CPU.Build.0 = Release|Any CPU
	EndGlobalSection
	GlobalSection(SolutionProperties) = preSolution
		HideSolutionNode = FALSE
	EndGlobalSection
	GlobalSection(ExtensibilityGlobals) = postSolution
		SolutionGuid = {1B5AB948-A104-45AC-B297-BF1EA78B6CCA}
	EndGlobalSection
EndGlobal
